
Microsoft Visual Studio Solution File, Format Version 12.00
# Visual Studio Version 17
VisualStudioVersion = 17.9.34728.123
MinimumVisualStudioVersion = 10.0.40219.1
Project("{9A19103F-16F7-4668-BE54-9A1E7A4F7556}") = "PharmacyManagementApi", "PharmacyManagementApi\PharmacyManagementApi.csproj", "{43F6F082-FBF5-48EE-8C66-A62EBC90D252}"
EndProject

Global
	GlobalSection(SolutionConfigurationPlatforms) = preSolution
		Debug|Any CPU = Debug|Any CPU
		Release|Any CPU = Release|Any CPU
	EndGlobalSection
	GlobalSection(ProjectConfigurationPlatforms) = postSolution
		{43F6F082-FBF5-48EE-8C66-A62EBC90D252}.Debug|Any CPU.ActiveCfg = Debug|Any CPU
		{43F6F082-FBF5-48EE-8C66-A62EBC90D252}.Debug|Any CPU.Build.0 = Debug|Any CPU
		{43F6F082-FBF5-48EE-8C66-A62EBC90D252}.Release|Any CPU.ActiveCfg = Release|Any CPU
		{43F6F082-FBF5-48EE-8C66-A62EBC90D252}.Release|Any CPU.Build.0 = Release|Any CPU
		{598D5940-63C7-40C5-8434-C1EDF0A60517}.Debug|Any CPU.ActiveCfg = Debug|Any CPU
		{598D5940-63C7-40C5-8434-C1EDF0A60517}.Debug|Any CPU.Build.0 = Debug|Any CPU
		{598D5940-63C7-40C5-8434-C1EDF0A60517}.Release|Any CPU.ActiveCfg = Release|Any CPU
		{598D5940-63C7-40C5-8434-C1EDF0A60517}.Release|Any CPU.Build.0 = Release|Any CPU
	EndGlobalSection
	GlobalSection(SolutionProperties) = preSolution
		HideSolutionNode = FALSE
	EndGlobalSection
	GlobalSection(ExtensibilityGlobals) = postSolution
		SolutionGuid = {B7D71D4D-7DCC-49B6-846D-EB75B6B23F99}
	EndGlobalSection
EndGlobal
